
Microsoft Visual Studio Solution File, Format Version 12.00
Project("{FAE04EC0-301F-11D3-BF4B-00C04F79EFBC}") = "VaultSecretsTool", "src\VaultSecretsTool\VaultSecretsTool.csproj", "{B691A4E1-E38E-40B1-808A-847016B7E481}"
EndProject
Project("{FAE04EC0-301F-11D3-BF4B-00C04F79EFBC}") = "VaultSecretsToolTests", "test\VaultSecretsToolTests\VaultSecretsToolTests.csproj", "{B729136F-EB13-4CE7-BDBC-6A6D67B2D125}"
EndProject
Global
	GlobalSection(SolutionConfigurationPlatforms) = preSolution
		Debug|Any CPU = Debug|Any CPU
		Release|Any CPU = Release|Any CPU
	EndGlobalSection
	GlobalSection(ProjectConfigurationPlatforms) = postSolution
		{B691A4E1-E38E-40B1-808A-847016B7E481}.Debug|Any CPU.ActiveCfg = Debug|Any CPU
		{B691A4E1-E38E-40B1-808A-847016B7E481}.Debug|Any CPU.Build.0 = Debug|Any CPU
		{B691A4E1-E38E-40B1-808A-847016B7E481}.Release|Any CPU.ActiveCfg = Release|Any CPU
		{B691A4E1-E38E-40B1-808A-847016B7E481}.Release|Any CPU.Build.0 = Release|Any CPU
		{B729136F-EB13-4CE7-BDBC-6A6D67B2D125}.Debug|Any CPU.ActiveCfg = Debug|Any CPU
		{B729136F-EB13-4CE7-BDBC-6A6D67B2D125}.Debug|Any CPU.Build.0 = Debug|Any CPU
		{B729136F-EB13-4CE7-BDBC-6A6D67B2D125}.Release|Any CPU.ActiveCfg = Release|Any CPU
		{B729136F-EB13-4CE7-BDBC-6A6D67B2D125}.Release|Any CPU.Build.0 = Release|Any CPU
	EndGlobalSection
EndGlobal
